
Microsoft Visual Studio Solution File, Format Version 12.00
# Visual Studio Version 17
VisualStudioVersion = 17.13.35825.156
MinimumVisualStudioVersion = 15.0.26124.0
Project("{2150E333-8FDC-42A3-9474-1A3956D46DE8}") = "src", "src", "{02EA681E-C7D8-13C7-8484-4AC65E1B71E8}"
EndProject
Project("{2150E333-8FDC-42A3-9474-1A3956D46DE8}") = "tests", "tests", "{82D15529-41BA-48E8-B30C-F745A8939F3B}"
EndProject
Project("{2150E333-8FDC-42A3-9474-1A3956D46DE8}") = "applications", "applications", "{C2FA3541-61BC-4772-89B1-BF2A84B7FAFF}"
EndProject
Project("{2150E333-8FDC-42A3-9474-1A3956D46DE8}") = "microservices", "microservices", "{1E888802-7733-456A-B6C7-E8B726300161}"
EndProject
Project("{2150E333-8FDC-42A3-9474-1A3956D46DE8}") = "shared", "shared", "{51CA1C85-DC71-4DA8-99D4-CB88AFE973BD}"
EndProject
Project("{2150E333-8FDC-42A3-9474-1A3956D46DE8}") = "blog", "blog", "{2D8195A1-CB36-40FD-AEA2-93BDAAFD982C}"
EndProject
Project("{FAE04EC0-301F-11D3-BF4B-00C04F79EFBC}") = "Meowv.Blog.Admin", "applications\Meowv.Blog.Admin\Meowv.Blog.Admin.csproj", "{0EDB590A-238F-E143-CF51-73F7E1F04FCD}"
EndProject
Project("{FAE04EC0-301F-11D3-BF4B-00C04F79EFBC}") = "Meowv.Blog.Web", "applications\Meowv.Blog.Web\Meowv.Blog.Web.csproj", "{B3273F0F-93D0-6ACF-9A86-6C6360248554}"
EndProject
Project("{FAE04EC0-301F-11D3-BF4B-00C04F79EFBC}") = "Meowv.Blog.HttpApi.Host", "microservices\Meowv.Blog.HttpApi.Host\Meowv.Blog.HttpApi.Host.csproj", "{B8F4E2AB-8610-70DA-7383-981CB1855522}"
EndProject
Project("{FAE04EC0-301F-11D3-BF4B-00C04F79EFBC}") = "Meowv.Blog.Application", "microservices\blog\src\Meowv.Blog.Application\Meowv.Blog.Application.csproj", "{DB452A9F-A607-2214-815E-B6CFC63154FE}"
EndProject
Project("{FAE04EC0-301F-11D3-BF4B-00C04F79EFBC}") = "Meowv.Blog.Application.Contracts", "microservices\blog\src\Meowv.Blog.Application.Contracts\Meowv.Blog.Application.Contracts.csproj", "{B2F5DD01-3BE4-61EC-3BFF-5FC5345259A2}"
EndProject
Project("{FAE04EC0-301F-11D3-BF4B-00C04F79EFBC}") = "Meowv.Blog.Domain", "microservices\blog\src\Meowv.Blog.Domain\Meowv.Blog.Domain.csproj", "{A65A6EC7-19F9-6D92-277A-B0FD0A699129}"
EndProject
Project("{FAE04EC0-301F-11D3-BF4B-00C04F79EFBC}") = "Meowv.Blog.Domain.Shared", "microservices\blog\src\Meowv.Blog.Domain.Shared\Meowv.Blog.Domain.Shared.csproj", "{37E6653C-56BB-8388-1E00-83176BEC936A}"
EndProject
Project("{FAE04EC0-301F-11D3-BF4B-00C04F79EFBC}") = "Meowv.Blog.HttpApi", "microservices\blog\src\Meowv.Blog.HttpApi\Meowv.Blog.HttpApi.csproj", "{F62A4DFF-7921-69E9-0C89-FECA906C015E}"
EndProject
Project("{FAE04EC0-301F-11D3-BF4B-00C04F79EFBC}") = "Meowv.Blog.HttpApi.Client", "microservices\blog\src\Meowv.Blog.HttpApi.Client\Meowv.Blog.HttpApi.Client.csproj", "{3B817BAA-905C-EAF7-6595-C79136AC469E}"
EndProject
Project("{FAE04EC0-301F-11D3-BF4B-00C04F79EFBC}") = "Meowv.Blog.MongoDb", "microservices\blog\src\Meowv.Blog.MongoDb\Meowv.Blog.MongoDb.csproj", "{4852C9B5-6DAA-81C6-4325-8CA6F7F02B87}"
EndProject
Project("{FAE04EC0-301F-11D3-BF4B-00C04F79EFBC}") = "Meowv.Blog.Application.Tests", "microservices\blog\tests\Meowv.Blog.Application.Tests\Meowv.Blog.Application.Tests.csproj", "{5A577FD0-063F-4004-5AD0-806713AA69C8}"
EndProject
Project("{FAE04EC0-301F-11D3-BF4B-00C04F79EFBC}") = "Meowv.Blog.Domain.Tests", "microservices\blog\tests\Meowv.Blog.Domain.Tests\Meowv.Blog.Domain.Tests.csproj", "{F12568B8-FFE3-2D4B-ED2B-0F39B693092D}"
EndProject
Project("{FAE04EC0-301F-11D3-BF4B-00C04F79EFBC}") = "Meowv.Blog.HttpApi.Client.ConsoleTestApp", "microservices\blog\tests\Meowv.Blog.HttpApi.Client.ConsoleTestApp\Meowv.Blog.HttpApi.Client.ConsoleTestApp.csproj", "{2CF3EC77-9F4D-06D1-7FE9-98196BDAA2D1}"
EndProject
Project("{FAE04EC0-301F-11D3-BF4B-00C04F79EFBC}") = "Meowv.Blog.MongoDb.Tests", "microservices\blog\tests\Meowv.Blog.MongoDb.Tests\Meowv.Blog.MongoDb.Tests.csproj", "{5E522289-A652-D201-9305-C1C3A1E8AB43}"
EndProject
Project("{FAE04EC0-301F-11D3-BF4B-00C04F79EFBC}") = "Meowv.Blog.TestBase", "microservices\blog\tests\Meowv.Blog.TestBase\Meowv.Blog.TestBase.csproj", "{89BAF5B8-C1EC-E72B-5983-102D68FF85DF}"
EndProject
Project("{FAE04EC0-301F-11D3-BF4B-00C04F79EFBC}") = "Meowv.BackgroundWorkers", "shared\Meowv.BackgroundWorkers\Meowv.BackgroundWorkers.csproj", "{A9A30565-1950-D525-43E9-32EEE359B677}"
EndProject
Project("{FAE04EC0-301F-11D3-BF4B-00C04F79EFBC}") = "Meowv.DbMigrator", "shared\Meowv.DbMigrator\Meowv.DbMigrator.csproj", "{0805E02B-7E22-3068-7076-0653A471D79B}"
EndProject
Global
	GlobalSection(SolutionConfigurationPlatforms) = preSolution
		Debug|Any CPU = Debug|Any CPU
		Release|Any CPU = Release|Any CPU
	EndGlobalSection
	GlobalSection(ProjectConfigurationPlatforms) = postSolution
		{0EDB590A-238F-E143-CF51-73F7E1F04FCD}.Debug|Any CPU.ActiveCfg = Debug|Any CPU
		{0EDB590A-238F-E143-CF51-73F7E1F04FCD}.Debug|Any CPU.Build.0 = Debug|Any CPU
		{0EDB590A-238F-E143-CF51-73F7E1F04FCD}.Release|Any CPU.ActiveCfg = Release|Any CPU
		{0EDB590A-238F-E143-CF51-73F7E1F04FCD}.Release|Any CPU.Build.0 = Release|Any CPU
		{B3273F0F-93D0-6ACF-9A86-6C6360248554}.Debug|Any CPU.ActiveCfg = Debug|Any CPU
		{B3273F0F-93D0-6ACF-9A86-6C6360248554}.Debug|Any CPU.Build.0 = Debug|Any CPU
		{B3273F0F-93D0-6ACF-9A86-6C6360248554}.Release|Any CPU.ActiveCfg = Release|Any CPU
		{B3273F0F-93D0-6ACF-9A86-6C6360248554}.Release|Any CPU.Build.0 = Release|Any CPU
		{B8F4E2AB-8610-70DA-7383-981CB1855522}.Debug|Any CPU.ActiveCfg = Debug|Any CPU
		{B8F4E2AB-8610-70DA-7383-981CB1855522}.Debug|Any CPU.Build.0 = Debug|Any CPU
		{B8F4E2AB-8610-70DA-7383-981CB1855522}.Release|Any CPU.ActiveCfg = Release|Any CPU
		{B8F4E2AB-8610-70DA-7383-981CB1855522}.Release|Any CPU.Build.0 = Release|Any CPU
		{DB452A9F-A607-2214-815E-B6CFC63154FE}.Debug|Any CPU.ActiveCfg = Debug|Any CPU
		{DB452A9F-A607-2214-815E-B6CFC63154FE}.Debug|Any CPU.Build.0 = Debug|Any CPU
		{DB452A9F-A607-2214-815E-B6CFC63154FE}.Release|Any CPU.ActiveCfg = Release|Any CPU
		{DB452A9F-A607-2214-815E-B6CFC63154FE}.Release|Any CPU.Build.0 = Release|Any CPU
		{B2F5DD01-3BE4-61EC-3BFF-5FC5345259A2}.Debug|Any CPU.ActiveCfg = Debug|Any CPU
		{B2F5DD01-3BE4-61EC-3BFF-5FC5345259A2}.Debug|Any CPU.Build.0 = Debug|Any CPU
		{B2F5DD01-3BE4-61EC-3BFF-5FC5345259A2}.Release|Any CPU.ActiveCfg = Release|Any CPU
		{B2F5DD01-3BE4-61EC-3BFF-5FC5345259A2}.Release|Any CPU.Build.0 = Release|Any CPU
		{A65A6EC7-19F9-6D92-277A-B0FD0A699129}.Debug|Any CPU.ActiveCfg = Debug|Any CPU
		{A65A6EC7-19F9-6D92-277A-B0FD0A699129}.Debug|Any CPU.Build.0 = Debug|Any CPU
		{A65A6EC7-19F9-6D92-277A-B0FD0A699129}.Release|Any CPU.ActiveCfg = Release|Any CPU
		{A65A6EC7-19F9-6D92-277A-B0FD0A699129}.Release|Any CPU.Build.0 = Release|Any CPU
		{37E6653C-56BB-8388-1E00-83176BEC936A}.Debug|Any CPU.ActiveCfg = Debug|Any CPU
		{37E6653C-56BB-8388-1E00-83176BEC936A}.Debug|Any CPU.Build.0 = Debug|Any CPU
		{37E6653C-56BB-8388-1E00-83176BEC936A}.Release|Any CPU.ActiveCfg = Release|Any CPU
		{37E6653C-56BB-8388-1E00-83176BEC936A}.Release|Any CPU.Build.0 = Release|Any CPU
		{F62A4DFF-7921-69E9-0C89-FECA906C015E}.Debug|Any CPU.ActiveCfg = Debug|Any CPU
		{F62A4DFF-7921-69E9-0C89-FECA906C015E}.Debug|Any CPU.Build.0 = Debug|Any CPU
		{F62A4DFF-7921-69E9-0C89-FECA906C015E}.Release|Any CPU.ActiveCfg = Release|Any CPU
		{F62A4DFF-7921-69E9-0C89-FECA906C015E}.Release|Any CPU.Build.0 = Release|Any CPU
		{3B817BAA-905C-EAF7-6595-C79136AC469E}.Debug|Any CPU.ActiveCfg = Debug|Any CPU
		{3B817BAA-905C-EAF7-6595-C79136AC469E}.Debug|Any CPU.Build.0 = Debug|Any CPU
		{3B817BAA-905C-EAF7-6595-C79136AC469E}.Release|Any CPU.ActiveCfg = Release|Any CPU
		{3B817BAA-905C-EAF7-6595-C79136AC469E}.Release|Any CPU.Build.0 = Release|Any CPU
		{4852C9B5-6DAA-81C6-4325-8CA6F7F02B87}.Debug|Any CPU.ActiveCfg = Debug|Any CPU
		{4852C9B5-6DAA-81C6-4325-8CA6F7F02B87}.Debug|Any CPU.Build.0 = Debug|Any CPU
		{4852C9B5-6DAA-81C6-4325-8CA6F7F02B87}.Release|Any CPU.ActiveCfg = Release|Any CPU
		{4852C9B5-6DAA-81C6-4325-8CA6F7F02B87}.Release|Any CPU.Build.0 = Release|Any CPU
		{5A577FD0-063F-4004-5AD0-806713AA69C8}.Debug|Any CPU.ActiveCfg = Debug|Any CPU
		{5A577FD0-063F-4004-5AD0-806713AA69C8}.Debug|Any CPU.Build.0 = Debug|Any CPU
		{5A577FD0-063F-4004-5AD0-806713AA69C8}.Release|Any CPU.ActiveCfg = Release|Any CPU
		{5A577FD0-063F-4004-5AD0-806713AA69C8}.Release|Any CPU.Build.0 = Release|Any CPU
		{F12568B8-FFE3-2D4B-ED2B-0F39B693092D}.Debug|Any CPU.ActiveCfg = Debug|Any CPU
		{F12568B8-FFE3-2D4B-ED2B-0F39B693092D}.Debug|Any CPU.Build.0 = Debug|Any CPU
		{F12568B8-FFE3-2D4B-ED2B-0F39B693092D}.Release|Any CPU.ActiveCfg = Release|Any CPU
		{F12568B8-FFE3-2D4B-ED2B-0F39B693092D}.Release|Any CPU.Build.0 = Release|Any CPU
		{2CF3EC77-9F4D-06D1-7FE9-98196BDAA2D1}.Debug|Any CPU.ActiveCfg = Debug|Any CPU
		{2CF3EC77-9F4D-06D1-7FE9-98196BDAA2D1}.Debug|Any CPU.Build.0 = Debug|Any CPU
		{2CF3EC77-9F4D-06D1-7FE9-98196BDAA2D1}.Release|Any CPU.ActiveCfg = Release|Any CPU
		{2CF3EC77-9F4D-06D1-7FE9-98196BDAA2D1}.Release|Any CPU.Build.0 = Release|Any CPU
		{5E522289-A652-D201-9305-C1C3A1E8AB43}.Debug|Any CPU.ActiveCfg = Debug|Any CPU
		{5E522289-A652-D201-9305-C1C3A1E8AB43}.Debug|Any CPU.Build.0 = Debug|Any CPU
		{5E522289-A652-D201-9305-C1C3A1E8AB43}.Release|Any CPU.ActiveCfg = Release|Any CPU
		{5E522289-A652-D201-9305-C1C3A1E8AB43}.Release|Any CPU.Build.0 = Release|Any CPU
		{89BAF5B8-C1EC-E72B-5983-102D68FF85DF}.Debug|Any CPU.ActiveCfg = Debug|Any CPU
		{89BAF5B8-C1EC-E72B-5983-102D68FF85DF}.Debug|Any CPU.Build.0 = Debug|Any CPU
		{89BAF5B8-C1EC-E72B-5983-102D68FF85DF}.Release|Any CPU.ActiveCfg = Release|Any CPU
		{89BAF5B8-C1EC-E72B-5983-102D68FF85DF}.Release|Any CPU.Build.0 = Release|Any CPU
		{A9A30565-1950-D525-43E9-32EEE359B677}.Debug|Any CPU.ActiveCfg = Debug|Any CPU
		{A9A30565-1950-D525-43E9-32EEE359B677}.Debug|Any CPU.Build.0 = Debug|Any CPU
		{A9A30565-1950-D525-43E9-32EEE359B677}.Release|Any CPU.ActiveCfg = Release|Any CPU
		{A9A30565-1950-D525-43E9-32EEE359B677}.Release|Any CPU.Build.0 = Release|Any CPU
		{0805E02B-7E22-3068-7076-0653A471D79B}.Debug|Any CPU.ActiveCfg = Debug|Any CPU
		{0805E02B-7E22-3068-7076-0653A471D79B}.Debug|Any CPU.Build.0 = Debug|Any CPU
		{0805E02B-7E22-3068-7076-0653A471D79B}.Release|Any CPU.ActiveCfg = Release|Any CPU
		{0805E02B-7E22-3068-7076-0653A471D79B}.Release|Any CPU.Build.0 = Release|Any CPU
	EndGlobalSection
	GlobalSection(SolutionProperties) = preSolution
		HideSolutionNode = FALSE
	EndGlobalSection
	GlobalSection(NestedProjects) = preSolution
		{02EA681E-C7D8-13C7-8484-4AC65E1B71E8} = {2D8195A1-CB36-40FD-AEA2-93BDAAFD982C}
		{82D15529-41BA-48E8-B30C-F745A8939F3B} = {2D8195A1-CB36-40FD-AEA2-93BDAAFD982C}
		{2D8195A1-CB36-40FD-AEA2-93BDAAFD982C} = {1E888802-7733-456A-B6C7-E8B726300161}
		{0EDB590A-238F-E143-CF51-73F7E1F04FCD} = {C2FA3541-61BC-4772-89B1-BF2A84B7FAFF}
		{B3273F0F-93D0-6ACF-9A86-6C6360248554} = {C2FA3541-61BC-4772-89B1-BF2A84B7FAFF}
		{B8F4E2AB-8610-70DA-7383-981CB1855522} = {1E888802-7733-456A-B6C7-E8B726300161}
		{DB452A9F-A607-2214-815E-B6CFC63154FE} = {02EA681E-C7D8-13C7-8484-4AC65E1B71E8}
		{B2F5DD01-3BE4-61EC-3BFF-5FC5345259A2} = {02EA681E-C7D8-13C7-8484-4AC65E1B71E8}
		{A65A6EC7-19F9-6D92-277A-B0FD0A699129} = {02EA681E-C7D8-13C7-8484-4AC65E1B71E8}
		{37E6653C-56BB-8388-1E00-83176BEC936A} = {02EA681E-C7D8-13C7-8484-4AC65E1B71E8}
		{F62A4DFF-7921-69E9-0C89-FECA906C015E} = {02EA681E-C7D8-13C7-8484-4AC65E1B71E8}
		{3B817BAA-905C-EAF7-6595-C79136AC469E} = {02EA681E-C7D8-13C7-8484-4AC65E1B71E8}
		{4852C9B5-6DAA-81C6-4325-8CA6F7F02B87} = {02EA681E-C7D8-13C7-8484-4AC65E1B71E8}
		{5A577FD0-063F-4004-5AD0-806713AA69C8} = {82D15529-41BA-48E8-B30C-F745A8939F3B}
		{F12568B8-FFE3-2D4B-ED2B-0F39B693092D} = {82D15529-41BA-48E8-B30C-F745A8939F3B}
		{2CF3EC77-9F4D-06D1-7FE9-98196BDAA2D1} = {82D15529-41BA-48E8-B30C-F745A8939F3B}
		{5E522289-A652-D201-9305-C1C3A1E8AB43} = {82D15529-41BA-48E8-B30C-F745A8939F3B}
		{89BAF5B8-C1EC-E72B-5983-102D68FF85DF} = {82D15529-41BA-48E8-B30C-F745A8939F3B}
		{A9A30565-1950-D525-43E9-32EEE359B677} = {51CA1C85-DC71-4DA8-99D4-CB88AFE973BD}
		{0805E02B-7E22-3068-7076-0653A471D79B} = {51CA1C85-DC71-4DA8-99D4-CB88AFE973BD}
	EndGlobalSection
	GlobalSection(ExtensibilityGlobals) = postSolution
		SolutionGuid = {783C9F1B-396B-491B-94ED-0D7A0BBA2543}
	EndGlobalSection
EndGlobal
